
Microsoft Visual Studio Solution File, Format Version 12.00
# Visual Studio 2013
VisualStudioVersion = 12.0.31101.0
MinimumVisualStudioVersion = 10.0.40219.1
Project("{FAE04EC0-301F-11D3-BF4B-00C04F79EFBC}") = "Collections", "Collections\Collections.csproj", "{AA0EF4F1-6EFF-4A59-B5BA-2B1513742125}"
EndProject
Project("{FAE04EC0-301F-11D3-BF4B-00C04F79EFBC}") = "Lambda", "Lambda\Lambda.csproj", "{11A6C0CD-E277-4BBA-8611-DA138BF136A9}"
EndProject
Project("{FAE04EC0-301F-11D3-BF4B-00C04F79EFBC}") = "Linq", "Linq\Linq.csproj", "{EBEECD51-68F7-4781-AB0A-F6BBD65400B0}"
EndProject
Global
	GlobalSection(SolutionConfigurationPlatforms) = preSolution
		Debug|Any CPU = Debug|Any CPU
		Release|Any CPU = Release|Any CPU
	EndGlobalSection
	GlobalSection(ProjectConfigurationPlatforms) = postSolution
		{AA0EF4F1-6EFF-4A59-B5BA-2B1513742125}.Debug|Any CPU.ActiveCfg = Debug|Any CPU
		{AA0EF4F1-6EFF-4A59-B5BA-2B1513742125}.Debug|Any CPU.Build.0 = Debug|Any CPU
		{AA0EF4F1-6EFF-4A59-B5BA-2B1513742125}.Release|Any CPU.ActiveCfg = Release|Any CPU
		{AA0EF4F1-6EFF-4A59-B5BA-2B1513742125}.Release|Any CPU.Build.0 = Release|Any CPU
		{11A6C0CD-E277-4BBA-8611-DA138BF136A9}.Debug|Any CPU.ActiveCfg = Debug|Any CPU
		{11A6C0CD-E277-4BBA-8611-DA138BF136A9}.Debug|Any CPU.Build.0 = Debug|Any CPU
		{11A6C0CD-E277-4BBA-8611-DA138BF136A9}.Release|Any CPU.ActiveCfg = Release|Any CPU
		{11A6C0CD-E277-4BBA-8611-DA138BF136A9}.Release|Any CPU.Build.0 = Release|Any CPU
		{EBEECD51-68F7-4781-AB0A-F6BBD65400B0}.Debug|Any CPU.ActiveCfg = Debug|Any CPU
		{EBEECD51-68F7-4781-AB0A-F6BBD65400B0}.Debug|Any CPU.Build.0 = Debug|Any CPU
		{EBEECD51-68F7-4781-AB0A-F6BBD65400B0}.Release|Any CPU.ActiveCfg = Release|Any CPU
		{EBEECD51-68F7-4781-AB0A-F6BBD65400B0}.Release|Any CPU.Build.0 = Release|Any CPU
	EndGlobalSection
	GlobalSection(SolutionProperties) = preSolution
		HideSolutionNode = FALSE
	EndGlobalSection
EndGlobal
